// !$*UTF8*$!
{
	archiveVersion = 1;
	classes = {
	};
	objectVersion = 56;
	objects = {

/* Begin PBXBuildFile section */
		AC1F4B562C335BE700855379 /* TastyAPI.swift in Sources */ = {isa = PBXBuildFile; fileRef = AC1F4B552C335BE700855379 /* TastyAPI.swift */; };
		AC1F4B582C335C7100855379 /* Tasty-Info.plist in Resources */ = {isa = PBXBuildFile; fileRef = AC1F4B572C335C7100855379 /* Tasty-Info.plist */; };
		AC1F4B5A2C3360AF00855379 /* TastyRecipe.swift in Sources */ = {isa = PBXBuildFile; fileRef = AC1F4B592C3360AF00855379 /* TastyRecipe.swift */; };
		AC1F4B5C2C33612300855379 /* TastyTips.swift in Sources */ = {isa = PBXBuildFile; fileRef = AC1F4B5B2C33612300855379 /* TastyTips.swift */; };
		AC1F4B5E2C33614800855379 /* TastyAutoComplete.swift in Sources */ = {isa = PBXBuildFile; fileRef = AC1F4B5D2C33614800855379 /* TastyAutoComplete.swift */; };
		AC1F4B602C33617100855379 /* TastyTagsList.swift in Sources */ = {isa = PBXBuildFile; fileRef = AC1F4B5F2C33617100855379 /* TastyTagsList.swift */; };
		AC1F4B622C3361F700855379 /* TastyNetworkService.swift in Sources */ = {isa = PBXBuildFile; fileRef = AC1F4B612C3361F700855379 /* TastyNetworkService.swift */; };
		AC1F4B642C336AB700855379 /* TastyStore.swift in Sources */ = {isa = PBXBuildFile; fileRef = AC1F4B632C336AB700855379 /* TastyStore.swift */; };
		AC1F4B662C336BFE00855379 /* ErrorsEnums.swift in Sources */ = {isa = PBXBuildFile; fileRef = AC1F4B652C336BFE00855379 /* ErrorsEnums.swift */; };
		AC1F4B682C336CD300855379 /* SearchBarView.swift in Sources */ = {isa = PBXBuildFile; fileRef = AC1F4B672C336CD200855379 /* SearchBarView.swift */; };
		AC1F4B6A2C33700000855379 /* SearchStateView.swift in Sources */ = {isa = PBXBuildFile; fileRef = AC1F4B692C33700000855379 /* SearchStateView.swift */; };
		AC1F4B6D2C3374E900855379 /* RecipeDetailsView.swift in Sources */ = {isa = PBXBuildFile; fileRef = AC1F4B6C2C3374E900855379 /* RecipeDetailsView.swift */; };
		AC1F4B6F2C337C8A00855379 /* TastyJSON.swift in Sources */ = {isa = PBXBuildFile; fileRef = AC1F4B6E2C337C8A00855379 /* TastyJSON.swift */; };
		AC1F4B712C337CFC00855379 /* Recipe.json in Resources */ = {isa = PBXBuildFile; fileRef = AC1F4B702C337CFC00855379 /* Recipe.json */; };
		AC1F4B742C37558D00855379 /* AlertInfo.swift in Sources */ = {isa = PBXBuildFile; fileRef = AC1F4B732C37558D00855379 /* AlertInfo.swift */; };
		AC1F4B762C377A6000855379 /* TastyPage.swift in Sources */ = {isa = PBXBuildFile; fileRef = AC1F4B752C377A6000855379 /* TastyPage.swift */; };
		AC40505C2C3358B200F4D5F6 /* CapstoneCookbookApp.swift in Sources */ = {isa = PBXBuildFile; fileRef = AC40505B2C3358B200F4D5F6 /* CapstoneCookbookApp.swift */; };
		AC40505E2C3358B200F4D5F6 /* ContentView.swift in Sources */ = {isa = PBXBuildFile; fileRef = AC40505D2C3358B200F4D5F6 /* ContentView.swift */; };
		AC4050602C3358B300F4D5F6 /* Assets.xcassets in Resources */ = {isa = PBXBuildFile; fileRef = AC40505F2C3358B300F4D5F6 /* Assets.xcassets */; };
		AC4050632C3358B300F4D5F6 /* Preview Assets.xcassets in Resources */ = {isa = PBXBuildFile; fileRef = AC4050622C3358B300F4D5F6 /* Preview Assets.xcassets */; };
		AC40506D2C3358B300F4D5F6 /* CapstoneCookbookTests.swift in Sources */ = {isa = PBXBuildFile; fileRef = AC40506C2C3358B300F4D5F6 /* CapstoneCookbookTests.swift */; };
		AC4050772C3358B300F4D5F6 /* CapstoneCookbookUITests.swift in Sources */ = {isa = PBXBuildFile; fileRef = AC4050762C3358B300F4D5F6 /* CapstoneCookbookUITests.swift */; };
		AC4050792C3358B300F4D5F6 /* CapstoneCookbookUITestsLaunchTests.swift in Sources */ = {isa = PBXBuildFile; fileRef = AC4050782C3358B300F4D5F6 /* CapstoneCookbookUITestsLaunchTests.swift */; };
		AC68D9762C3944F200233E83 /* RecipeItemView.swift in Sources */ = {isa = PBXBuildFile; fileRef = AC68D9752C3944F200233E83 /* RecipeItemView.swift */; };
		AC7D16FB2C39F86200980AC6 /* Attempt.swift in Sources */ = {isa = PBXBuildFile; fileRef = AC7D16FA2C39F86200980AC6 /* Attempt.swift */; };
		AC7D16FD2C39F94E00980AC6 /* Recipe.swift in Sources */ = {isa = PBXBuildFile; fileRef = AC7D16FC2C39F94E00980AC6 /* Recipe.swift */; };
		AC9FC7F92C38C66B00707A78 /* MyRecipeStore.swift in Sources */ = {isa = PBXBuildFile; fileRef = AC9FC7F82C38C66B00707A78 /* MyRecipeStore.swift */; };
		ACC035212C3AC578007ECF4E /* SpoonacularUnitAmounts.swift in Sources */ = {isa = PBXBuildFile; fileRef = ACC035202C3AC578007ECF4E /* SpoonacularUnitAmounts.swift */; };
		ACC035232C3AC74B007ECF4E /* EdamamNutritionData.swift in Sources */ = {isa = PBXBuildFile; fileRef = ACC035222C3AC74B007ECF4E /* EdamamNutritionData.swift */; };
		ACC035252C3ACBC2007ECF4E /* SpoonacularNetworkService.swift in Sources */ = {isa = PBXBuildFile; fileRef = ACC035242C3ACBC2007ECF4E /* SpoonacularNetworkService.swift */; };
		ACC035282C3ACCA2007ECF4E /* SpoonacularAPI.swift in Sources */ = {isa = PBXBuildFile; fileRef = ACC035272C3ACCA2007ECF4E /* SpoonacularAPI.swift */; };
		ACC0352A2C3ACCD4007ECF4E /* Spoonacular-Info.plist in Resources */ = {isa = PBXBuildFile; fileRef = ACC035292C3ACCD4007ECF4E /* Spoonacular-Info.plist */; };
		ACC0352D2C3AD0F2007ECF4E /* EdamamAPI.swift in Sources */ = {isa = PBXBuildFile; fileRef = ACC0352C2C3AD0F2007ECF4E /* EdamamAPI.swift */; };
		ACC0352F2C3AD116007ECF4E /* Edamam-Info.plist in Resources */ = {isa = PBXBuildFile; fileRef = ACC0352E2C3AD116007ECF4E /* Edamam-Info.plist */; };
		ACC035312C3AD26A007ECF4E /* EdamamNetworkService.swift in Sources */ = {isa = PBXBuildFile; fileRef = ACC035302C3AD26A007ECF4E /* EdamamNetworkService.swift */; };
		ACC035352C3B4543007ECF4E /* AddRecipeView.swift in Sources */ = {isa = PBXBuildFile; fileRef = ACC035342C3B4543007ECF4E /* AddRecipeView.swift */; };
/* End PBXBuildFile section */

/* Begin PBXContainerItemProxy section */
		AC4050692C3358B300F4D5F6 /* PBXContainerItemProxy */ = {
			isa = PBXContainerItemProxy;
			containerPortal = AC4050502C3358B200F4D5F6 /* Project object */;
			proxyType = 1;
			remoteGlobalIDString = AC4050572C3358B200F4D5F6;
			remoteInfo = "Capstone-Cookbook";
		};
		AC4050732C3358B300F4D5F6 /* PBXContainerItemProxy */ = {
			isa = PBXContainerItemProxy;
			containerPortal = AC4050502C3358B200F4D5F6 /* Project object */;
			proxyType = 1;
			remoteGlobalIDString = AC4050572C3358B200F4D5F6;
			remoteInfo = "Capstone-Cookbook";
		};
/* End PBXContainerItemProxy section */

/* Begin PBXFileReference section */
		AC1F4B552C335BE700855379 /* TastyAPI.swift */ = {isa = PBXFileReference; lastKnownFileType = sourcecode.swift; path = TastyAPI.swift; sourceTree = "<group>"; };
		AC1F4B572C335C7100855379 /* Tasty-Info.plist */ = {isa = PBXFileReference; lastKnownFileType = text.plist.xml; path = "Tasty-Info.plist"; sourceTree = "<group>"; };
		AC1F4B592C3360AF00855379 /* TastyRecipe.swift */ = {isa = PBXFileReference; lastKnownFileType = sourcecode.swift; path = TastyRecipe.swift; sourceTree = "<group>"; };
		AC1F4B5B2C33612300855379 /* TastyTips.swift */ = {isa = PBXFileReference; lastKnownFileType = sourcecode.swift; path = TastyTips.swift; sourceTree = "<group>"; };
		AC1F4B5D2C33614800855379 /* TastyAutoComplete.swift */ = {isa = PBXFileReference; lastKnownFileType = sourcecode.swift; path = TastyAutoComplete.swift; sourceTree = "<group>"; };
		AC1F4B5F2C33617100855379 /* TastyTagsList.swift */ = {isa = PBXFileReference; lastKnownFileType = sourcecode.swift; path = TastyTagsList.swift; sourceTree = "<group>"; };
		AC1F4B612C3361F700855379 /* TastyNetworkService.swift */ = {isa = PBXFileReference; lastKnownFileType = sourcecode.swift; path = TastyNetworkService.swift; sourceTree = "<group>"; };
		AC1F4B632C336AB700855379 /* TastyStore.swift */ = {isa = PBXFileReference; lastKnownFileType = sourcecode.swift; path = TastyStore.swift; sourceTree = "<group>"; };
		AC1F4B652C336BFE00855379 /* ErrorsEnums.swift */ = {isa = PBXFileReference; lastKnownFileType = sourcecode.swift; path = ErrorsEnums.swift; sourceTree = "<group>"; };
		AC1F4B672C336CD200855379 /* SearchBarView.swift */ = {isa = PBXFileReference; fileEncoding = 4; lastKnownFileType = sourcecode.swift; path = SearchBarView.swift; sourceTree = "<group>"; };
		AC1F4B692C33700000855379 /* SearchStateView.swift */ = {isa = PBXFileReference; fileEncoding = 4; lastKnownFileType = sourcecode.swift; path = SearchStateView.swift; sourceTree = "<group>"; };
		AC1F4B6C2C3374E900855379 /* RecipeDetailsView.swift */ = {isa = PBXFileReference; lastKnownFileType = sourcecode.swift; path = RecipeDetailsView.swift; sourceTree = "<group>"; };
		AC1F4B6E2C337C8A00855379 /* TastyJSON.swift */ = {isa = PBXFileReference; lastKnownFileType = sourcecode.swift; path = TastyJSON.swift; sourceTree = "<group>"; };
		AC1F4B702C337CFC00855379 /* Recipe.json */ = {isa = PBXFileReference; lastKnownFileType = text.json; path = Recipe.json; sourceTree = "<group>"; xcLanguageSpecificationIdentifier = xcode.lang.json; };
		AC1F4B732C37558D00855379 /* AlertInfo.swift */ = {isa = PBXFileReference; lastKnownFileType = sourcecode.swift; path = AlertInfo.swift; sourceTree = "<group>"; };
		AC1F4B752C377A6000855379 /* TastyPage.swift */ = {isa = PBXFileReference; lastKnownFileType = sourcecode.swift; path = TastyPage.swift; sourceTree = "<group>"; };
		AC4050582C3358B200F4D5F6 /* Capstone-Cookbook.app */ = {isa = PBXFileReference; explicitFileType = wrapper.application; includeInIndex = 0; path = "Capstone-Cookbook.app"; sourceTree = BUILT_PRODUCTS_DIR; };
		AC40505B2C3358B200F4D5F6 /* CapstoneCookbookApp.swift */ = {isa = PBXFileReference; lastKnownFileType = sourcecode.swift; path = CapstoneCookbookApp.swift; sourceTree = "<group>"; };
		AC40505D2C3358B200F4D5F6 /* ContentView.swift */ = {isa = PBXFileReference; lastKnownFileType = sourcecode.swift; path = ContentView.swift; sourceTree = "<group>"; };
		AC40505F2C3358B300F4D5F6 /* Assets.xcassets */ = {isa = PBXFileReference; lastKnownFileType = folder.assetcatalog; path = Assets.xcassets; sourceTree = "<group>"; };
		AC4050622C3358B300F4D5F6 /* Preview Assets.xcassets */ = {isa = PBXFileReference; lastKnownFileType = folder.assetcatalog; path = "Preview Assets.xcassets"; sourceTree = "<group>"; };
		AC4050682C3358B300F4D5F6 /* Capstone-CookbookTests.xctest */ = {isa = PBXFileReference; explicitFileType = wrapper.cfbundle; includeInIndex = 0; path = "Capstone-CookbookTests.xctest"; sourceTree = BUILT_PRODUCTS_DIR; };
		AC40506C2C3358B300F4D5F6 /* CapstoneCookbookTests.swift */ = {isa = PBXFileReference; lastKnownFileType = sourcecode.swift; path = CapstoneCookbookTests.swift; sourceTree = "<group>"; };
		AC4050722C3358B300F4D5F6 /* Capstone-CookbookUITests.xctest */ = {isa = PBXFileReference; explicitFileType = wrapper.cfbundle; includeInIndex = 0; path = "Capstone-CookbookUITests.xctest"; sourceTree = BUILT_PRODUCTS_DIR; };
		AC4050762C3358B300F4D5F6 /* CapstoneCookbookUITests.swift */ = {isa = PBXFileReference; lastKnownFileType = sourcecode.swift; path = CapstoneCookbookUITests.swift; sourceTree = "<group>"; };
		AC4050782C3358B300F4D5F6 /* CapstoneCookbookUITestsLaunchTests.swift */ = {isa = PBXFileReference; lastKnownFileType = sourcecode.swift; path = CapstoneCookbookUITestsLaunchTests.swift; sourceTree = "<group>"; };
		AC68D9752C3944F200233E83 /* RecipeItemView.swift */ = {isa = PBXFileReference; lastKnownFileType = sourcecode.swift; path = RecipeItemView.swift; sourceTree = "<group>"; };
		AC7D16FA2C39F86200980AC6 /* Attempt.swift */ = {isa = PBXFileReference; lastKnownFileType = sourcecode.swift; path = Attempt.swift; sourceTree = "<group>"; };
		AC7D16FC2C39F94E00980AC6 /* Recipe.swift */ = {isa = PBXFileReference; lastKnownFileType = sourcecode.swift; path = Recipe.swift; sourceTree = "<group>"; };
		AC9FC7F82C38C66B00707A78 /* MyRecipeStore.swift */ = {isa = PBXFileReference; lastKnownFileType = sourcecode.swift; path = MyRecipeStore.swift; sourceTree = "<group>"; };
		ACC035202C3AC578007ECF4E /* SpoonacularUnitAmounts.swift */ = {isa = PBXFileReference; lastKnownFileType = sourcecode.swift; path = SpoonacularUnitAmounts.swift; sourceTree = "<group>"; };
		ACC035222C3AC74B007ECF4E /* EdamamNutritionData.swift */ = {isa = PBXFileReference; lastKnownFileType = sourcecode.swift; path = EdamamNutritionData.swift; sourceTree = "<group>"; };
		ACC035242C3ACBC2007ECF4E /* SpoonacularNetworkService.swift */ = {isa = PBXFileReference; lastKnownFileType = sourcecode.swift; path = SpoonacularNetworkService.swift; sourceTree = "<group>"; };
		ACC035272C3ACCA2007ECF4E /* SpoonacularAPI.swift */ = {isa = PBXFileReference; lastKnownFileType = sourcecode.swift; path = SpoonacularAPI.swift; sourceTree = "<group>"; };
		ACC035292C3ACCD4007ECF4E /* Spoonacular-Info.plist */ = {isa = PBXFileReference; lastKnownFileType = text.plist.xml; path = "Spoonacular-Info.plist"; sourceTree = "<group>"; };
		ACC0352C2C3AD0F2007ECF4E /* EdamamAPI.swift */ = {isa = PBXFileReference; lastKnownFileType = sourcecode.swift; path = EdamamAPI.swift; sourceTree = "<group>"; };
		ACC0352E2C3AD116007ECF4E /* Edamam-Info.plist */ = {isa = PBXFileReference; lastKnownFileType = text.plist.xml; path = "Edamam-Info.plist"; sourceTree = "<group>"; };
		ACC035302C3AD26A007ECF4E /* EdamamNetworkService.swift */ = {isa = PBXFileReference; lastKnownFileType = sourcecode.swift; path = EdamamNetworkService.swift; sourceTree = "<group>"; };
		ACC035342C3B4543007ECF4E /* AddRecipeView.swift */ = {isa = PBXFileReference; lastKnownFileType = sourcecode.swift; path = AddRecipeView.swift; sourceTree = "<group>"; };
/* End PBXFileReference section */

/* Begin PBXFrameworksBuildPhase section */
		AC4050552C3358B200F4D5F6 /* Frameworks */ = {
			isa = PBXFrameworksBuildPhase;
			buildActionMask = 2147483647;
			files = (
			);
			runOnlyForDeploymentPostprocessing = 0;
		};
		AC4050652C3358B300F4D5F6 /* Frameworks */ = {
			isa = PBXFrameworksBuildPhase;
			buildActionMask = 2147483647;
			files = (
			);
			runOnlyForDeploymentPostprocessing = 0;
		};
		AC40506F2C3358B300F4D5F6 /* Frameworks */ = {
			isa = PBXFrameworksBuildPhase;
			buildActionMask = 2147483647;
			files = (
			);
			runOnlyForDeploymentPostprocessing = 0;
		};
/* End PBXFrameworksBuildPhase section */

/* Begin PBXGroup section */
		AC1F4B522C335BB100855379 /* Model */ = {
			isa = PBXGroup;
			children = (
				ACC035322C3AD5F9007ECF4E /* APIs */,
				AC1F4B652C336BFE00855379 /* ErrorsEnums.swift */,
				AC1F4B732C37558D00855379 /* AlertInfo.swift */,
				ACC035332C3AD605007ECF4E /* Recipe */,
			);
			path = Model;
			sourceTree = "<group>";
		};
		AC1F4B532C335BB700855379 /* ViewModel */ = {
			isa = PBXGroup;
			children = (
				AC1F4B612C3361F700855379 /* TastyNetworkService.swift */,
				AC1F4B632C336AB700855379 /* TastyStore.swift */,
				AC9FC7F82C38C66B00707A78 /* MyRecipeStore.swift */,
				ACC035242C3ACBC2007ECF4E /* SpoonacularNetworkService.swift */,
				ACC035302C3AD26A007ECF4E /* EdamamNetworkService.swift */,
			);
			path = ViewModel;
			sourceTree = "<group>";
		};
		AC1F4B542C335BBD00855379 /* View */ = {
			isa = PBXGroup;
			children = (
				AC1F4B672C336CD200855379 /* SearchBarView.swift */,
				AC40505D2C3358B200F4D5F6 /* ContentView.swift */,
				AC1F4B692C33700000855379 /* SearchStateView.swift */,
				AC1F4B6C2C3374E900855379 /* RecipeDetailsView.swift */,
				AC68D9752C3944F200233E83 /* RecipeItemView.swift */,
				ACC035342C3B4543007ECF4E /* AddRecipeView.swift */,
			);
			path = View;
			sourceTree = "<group>";
		};
		AC40504F2C3358B200F4D5F6 = {
			isa = PBXGroup;
			children = (
				AC40505A2C3358B200F4D5F6 /* Capstone-Cookbook */,
				AC40506B2C3358B300F4D5F6 /* Capstone-CookbookTests */,
				AC4050752C3358B300F4D5F6 /* Capstone-CookbookUITests */,
				AC4050592C3358B200F4D5F6 /* Products */,
			);
			sourceTree = "<group>";
		};
		AC4050592C3358B200F4D5F6 /* Products */ = {
			isa = PBXGroup;
			children = (
				AC4050582C3358B200F4D5F6 /* Capstone-Cookbook.app */,
				AC4050682C3358B300F4D5F6 /* Capstone-CookbookTests.xctest */,
				AC4050722C3358B300F4D5F6 /* Capstone-CookbookUITests.xctest */,
			);
			name = Products;
			sourceTree = "<group>";
		};
		AC40505A2C3358B200F4D5F6 /* Capstone-Cookbook */ = {
			isa = PBXGroup;
			children = (
				AC1F4B542C335BBD00855379 /* View */,
				AC1F4B532C335BB700855379 /* ViewModel */,
				AC1F4B522C335BB100855379 /* Model */,
				AC40505B2C3358B200F4D5F6 /* CapstoneCookbookApp.swift */,
				AC40505F2C3358B300F4D5F6 /* Assets.xcassets */,
				AC4050612C3358B300F4D5F6 /* Preview Content */,
				AC1F4B572C335C7100855379 /* Tasty-Info.plist */,
				ACC035292C3ACCD4007ECF4E /* Spoonacular-Info.plist */,
				ACC0352E2C3AD116007ECF4E /* Edamam-Info.plist */,
			);
			path = "Capstone-Cookbook";
			sourceTree = "<group>";
		};
		AC4050612C3358B300F4D5F6 /* Preview Content */ = {
			isa = PBXGroup;
			children = (
				AC4050622C3358B300F4D5F6 /* Preview Assets.xcassets */,
			);
			path = "Preview Content";
			sourceTree = "<group>";
		};
		AC40506B2C3358B300F4D5F6 /* Capstone-CookbookTests */ = {
			isa = PBXGroup;
			children = (
				AC40506C2C3358B300F4D5F6 /* CapstoneCookbookTests.swift */,
			);
			path = "Capstone-CookbookTests";
			sourceTree = "<group>";
		};
		AC4050752C3358B300F4D5F6 /* Capstone-CookbookUITests */ = {
			isa = PBXGroup;
			children = (
				AC4050762C3358B300F4D5F6 /* CapstoneCookbookUITests.swift */,
				AC4050782C3358B300F4D5F6 /* CapstoneCookbookUITestsLaunchTests.swift */,
			);
			path = "Capstone-CookbookUITests";
			sourceTree = "<group>";
		};
		ACC0351F2C3AC4D6007ECF4E /* Tasty */ = {
			isa = PBXGroup;
			children = (
				AC1F4B702C337CFC00855379 /* Recipe.json */,
				AC1F4B552C335BE700855379 /* TastyAPI.swift */,
				AC1F4B592C3360AF00855379 /* TastyRecipe.swift */,
				AC1F4B5B2C33612300855379 /* TastyTips.swift */,
				AC1F4B5D2C33614800855379 /* TastyAutoComplete.swift */,
				AC1F4B5F2C33617100855379 /* TastyTagsList.swift */,
				AC1F4B6E2C337C8A00855379 /* TastyJSON.swift */,
				AC1F4B752C377A6000855379 /* TastyPage.swift */,
			);
			path = Tasty;
			sourceTree = "<group>";
		};
		ACC035262C3ACC96007ECF4E /* Spoonacular */ = {
			isa = PBXGroup;
			children = (
				ACC035202C3AC578007ECF4E /* SpoonacularUnitAmounts.swift */,
				ACC035272C3ACCA2007ECF4E /* SpoonacularAPI.swift */,
			);
			path = Spoonacular;
			sourceTree = "<group>";
		};
		ACC0352B2C3AD0DF007ECF4E /* Edamam */ = {
			isa = PBXGroup;
			children = (
				ACC035222C3AC74B007ECF4E /* EdamamNutritionData.swift */,
				ACC0352C2C3AD0F2007ECF4E /* EdamamAPI.swift */,
			);
			path = Edamam;
			sourceTree = "<group>";
		};
		ACC035322C3AD5F9007ECF4E /* APIs */ = {
			isa = PBXGroup;
			children = (
				ACC0351F2C3AC4D6007ECF4E /* Tasty */,
				ACC035262C3ACC96007ECF4E /* Spoonacular */,
				ACC0352B2C3AD0DF007ECF4E /* Edamam */,
			);
			path = APIs;
			sourceTree = "<group>";
		};
		ACC035332C3AD605007ECF4E /* Recipe */ = {
			isa = PBXGroup;
			children = (
				AC7D16FA2C39F86200980AC6 /* Attempt.swift */,
				AC7D16FC2C39F94E00980AC6 /* Recipe.swift */,
			);
			path = Recipe;
			sourceTree = "<group>";
		};
/* End PBXGroup section */

/* Begin PBXNativeTarget section */
		AC4050572C3358B200F4D5F6 /* Capstone-Cookbook */ = {
			isa = PBXNativeTarget;
			buildConfigurationList = AC40507C2C3358B300F4D5F6 /* Build configuration list for PBXNativeTarget "Capstone-Cookbook" */;
			buildPhases = (
				AC1F4B722C35FBE800855379 /* Run Script */,
				AC4050542C3358B200F4D5F6 /* Sources */,
				AC4050552C3358B200F4D5F6 /* Frameworks */,
				AC4050562C3358B200F4D5F6 /* Resources */,
			);
			buildRules = (
			);
			dependencies = (
			);
			name = "Capstone-Cookbook";
			productName = "Capstone-Cookbook";
			productReference = AC4050582C3358B200F4D5F6 /* Capstone-Cookbook.app */;
			productType = "com.apple.product-type.application";
		};
		AC4050672C3358B300F4D5F6 /* Capstone-CookbookTests */ = {
			isa = PBXNativeTarget;
			buildConfigurationList = AC40507F2C3358B300F4D5F6 /* Build configuration list for PBXNativeTarget "Capstone-CookbookTests" */;
			buildPhases = (
				AC4050642C3358B300F4D5F6 /* Sources */,
				AC4050652C3358B300F4D5F6 /* Frameworks */,
				AC4050662C3358B300F4D5F6 /* Resources */,
			);
			buildRules = (
			);
			dependencies = (
				AC40506A2C3358B300F4D5F6 /* PBXTargetDependency */,
			);
			name = "Capstone-CookbookTests";
			productName = "Capstone-CookbookTests";
			productReference = AC4050682C3358B300F4D5F6 /* Capstone-CookbookTests.xctest */;
			productType = "com.apple.product-type.bundle.unit-test";
		};
		AC4050712C3358B300F4D5F6 /* Capstone-CookbookUITests */ = {
			isa = PBXNativeTarget;
			buildConfigurationList = AC4050822C3358B300F4D5F6 /* Build configuration list for PBXNativeTarget "Capstone-CookbookUITests" */;
			buildPhases = (
				AC40506E2C3358B300F4D5F6 /* Sources */,
				AC40506F2C3358B300F4D5F6 /* Frameworks */,
				AC4050702C3358B300F4D5F6 /* Resources */,
			);
			buildRules = (
			);
			dependencies = (
				AC4050742C3358B300F4D5F6 /* PBXTargetDependency */,
			);
			name = "Capstone-CookbookUITests";
			productName = "Capstone-CookbookUITests";
			productReference = AC4050722C3358B300F4D5F6 /* Capstone-CookbookUITests.xctest */;
			productType = "com.apple.product-type.bundle.ui-testing";
		};
/* End PBXNativeTarget section */

/* Begin PBXProject section */
		AC4050502C3358B200F4D5F6 /* Project object */ = {
			isa = PBXProject;
			attributes = {
				BuildIndependentTargetsInParallel = 1;
				LastSwiftUpdateCheck = 1540;
				LastUpgradeCheck = 1540;
				TargetAttributes = {
					AC4050572C3358B200F4D5F6 = {
						CreatedOnToolsVersion = 15.4;
					};
					AC4050672C3358B300F4D5F6 = {
						CreatedOnToolsVersion = 15.4;
						TestTargetID = AC4050572C3358B200F4D5F6;
					};
					AC4050712C3358B300F4D5F6 = {
						CreatedOnToolsVersion = 15.4;
						TestTargetID = AC4050572C3358B200F4D5F6;
					};
				};
			};
			buildConfigurationList = AC4050532C3358B200F4D5F6 /* Build configuration list for PBXProject "Capstone-Cookbook" */;
			compatibilityVersion = "Xcode 14.0";
			developmentRegion = en;
			hasScannedForEncodings = 0;
			knownRegions = (
				en,
				Base,
			);
			mainGroup = AC40504F2C3358B200F4D5F6;
			productRefGroup = AC4050592C3358B200F4D5F6 /* Products */;
			projectDirPath = "";
			projectRoot = "";
			targets = (
				AC4050572C3358B200F4D5F6 /* Capstone-Cookbook */,
				AC4050672C3358B300F4D5F6 /* Capstone-CookbookTests */,
				AC4050712C3358B300F4D5F6 /* Capstone-CookbookUITests */,
			);
		};
/* End PBXProject section */

/* Begin PBXResourcesBuildPhase section */
		AC4050562C3358B200F4D5F6 /* Resources */ = {
			isa = PBXResourcesBuildPhase;
			buildActionMask = 2147483647;
			files = (
				AC1F4B712C337CFC00855379 /* Recipe.json in Resources */,
				ACC0352F2C3AD116007ECF4E /* Edamam-Info.plist in Resources */,
				AC1F4B582C335C7100855379 /* Tasty-Info.plist in Resources */,
				AC4050632C3358B300F4D5F6 /* Preview Assets.xcassets in Resources */,
				AC4050602C3358B300F4D5F6 /* Assets.xcassets in Resources */,
				ACC0352A2C3ACCD4007ECF4E /* Spoonacular-Info.plist in Resources */,
			);
			runOnlyForDeploymentPostprocessing = 0;
		};
		AC4050662C3358B300F4D5F6 /* Resources */ = {
			isa = PBXResourcesBuildPhase;
			buildActionMask = 2147483647;
			files = (
			);
			runOnlyForDeploymentPostprocessing = 0;
		};
		AC4050702C3358B300F4D5F6 /* Resources */ = {
			isa = PBXResourcesBuildPhase;
			buildActionMask = 2147483647;
			files = (
			);
			runOnlyForDeploymentPostprocessing = 0;
		};
/* End PBXResourcesBuildPhase section */

/* Begin PBXShellScriptBuildPhase section */
		AC1F4B722C35FBE800855379 /* Run Script */ = {
			isa = PBXShellScriptBuildPhase;
			alwaysOutOfDate = 1;
			buildActionMask = 2147483647;
			files = (
			);
			inputFileListPaths = (
			);
			inputPaths = (
			);
			name = "Run Script";
			outputFileListPaths = (
			);
			outputPaths = (
			);
			runOnlyForDeploymentPostprocessing = 0;
			shellPath = /bin/sh;
			shellScript = "PATH=/opt/homebrew/bin:$PATH\nif [ -f ~/com.raywenderlich.swiftlint.yml ]; then\n  if which swiftlint >/dev/null; then\n    swiftlint --no-cache --config ~/com.raywenderlich.swiftlint.yml\n  fi\nfi\n";
		};
/* End PBXShellScriptBuildPhase section */

/* Begin PBXSourcesBuildPhase section */
		AC4050542C3358B200F4D5F6 /* Sources */ = {
			isa = PBXSourcesBuildPhase;
			buildActionMask = 2147483647;
			files = (
				ACC035352C3B4543007ECF4E /* AddRecipeView.swift in Sources */,
				AC1F4B642C336AB700855379 /* TastyStore.swift in Sources */,
				AC1F4B662C336BFE00855379 /* ErrorsEnums.swift in Sources */,
				AC1F4B562C335BE700855379 /* TastyAPI.swift in Sources */,
				AC1F4B5E2C33614800855379 /* TastyAutoComplete.swift in Sources */,
				AC1F4B602C33617100855379 /* TastyTagsList.swift in Sources */,
				AC1F4B6F2C337C8A00855379 /* TastyJSON.swift in Sources */,
				ACC0352D2C3AD0F2007ECF4E /* EdamamAPI.swift in Sources */,
				AC1F4B5A2C3360AF00855379 /* TastyRecipe.swift in Sources */,
				AC1F4B6A2C33700000855379 /* SearchStateView.swift in Sources */,
				ACC035282C3ACCA2007ECF4E /* SpoonacularAPI.swift in Sources */,
				AC1F4B622C3361F700855379 /* TastyNetworkService.swift in Sources */,
				AC7D16FB2C39F86200980AC6 /* Attempt.swift in Sources */,
				AC1F4B682C336CD300855379 /* SearchBarView.swift in Sources */,
				AC9FC7F92C38C66B00707A78 /* MyRecipeStore.swift in Sources */,
				AC1F4B5C2C33612300855379 /* TastyTips.swift in Sources */,
				ACC035312C3AD26A007ECF4E /* EdamamNetworkService.swift in Sources */,
				ACC035212C3AC578007ECF4E /* SpoonacularUnitAmounts.swift in Sources */,
				ACC035252C3ACBC2007ECF4E /* SpoonacularNetworkService.swift in Sources */,
				AC1F4B742C37558D00855379 /* AlertInfo.swift in Sources */,
				AC1F4B762C377A6000855379 /* TastyPage.swift in Sources */,
				AC1F4B6D2C3374E900855379 /* RecipeDetailsView.swift in Sources */,
				AC40505E2C3358B200F4D5F6 /* ContentView.swift in Sources */,
				AC40505C2C3358B200F4D5F6 /* CapstoneCookbookApp.swift in Sources */,
				AC68D9762C3944F200233E83 /* RecipeItemView.swift in Sources */,
				AC7D16FD2C39F94E00980AC6 /* Recipe.swift in Sources */,
				ACC035232C3AC74B007ECF4E /* EdamamNutritionData.swift in Sources */,
			);
			runOnlyForDeploymentPostprocessing = 0;
		};
		AC4050642C3358B300F4D5F6 /* Sources */ = {
			isa = PBXSourcesBuildPhase;
			buildActionMask = 2147483647;
			files = (
				AC40506D2C3358B300F4D5F6 /* CapstoneCookbookTests.swift in Sources */,
			);
			runOnlyForDeploymentPostprocessing = 0;
		};
		AC40506E2C3358B300F4D5F6 /* Sources */ = {
			isa = PBXSourcesBuildPhase;
			buildActionMask = 2147483647;
			files = (
				AC4050792C3358B300F4D5F6 /* CapstoneCookbookUITestsLaunchTests.swift in Sources */,
				AC4050772C3358B300F4D5F6 /* CapstoneCookbookUITests.swift in Sources */,
			);
			runOnlyForDeploymentPostprocessing = 0;
		};
/* End PBXSourcesBuildPhase section */

/* Begin PBXTargetDependency section */
		AC40506A2C3358B300F4D5F6 /* PBXTargetDependency */ = {
			isa = PBXTargetDependency;
			target = AC4050572C3358B200F4D5F6 /* Capstone-Cookbook */;
			targetProxy = AC4050692C3358B300F4D5F6 /* PBXContainerItemProxy */;
		};
		AC4050742C3358B300F4D5F6 /* PBXTargetDependency */ = {
			isa = PBXTargetDependency;
			target = AC4050572C3358B200F4D5F6 /* Capstone-Cookbook */;
			targetProxy = AC4050732C3358B300F4D5F6 /* PBXContainerItemProxy */;
		};
/* End PBXTargetDependency section */

/* Begin XCBuildConfiguration section */
		AC40507A2C3358B300F4D5F6 /* Debug */ = {
			isa = XCBuildConfiguration;
			buildSettings = {
				ALWAYS_SEARCH_USER_PATHS = NO;
				ASSETCATALOG_COMPILER_GENERATE_SWIFT_ASSET_SYMBOL_EXTENSIONS = YES;
				CLANG_ANALYZER_NONNULL = YES;
				CLANG_ANALYZER_NUMBER_OBJECT_CONVERSION = YES_AGGRESSIVE;
				CLANG_CXX_LANGUAGE_STANDARD = "gnu++20";
				CLANG_ENABLE_MODULES = YES;
				CLANG_ENABLE_OBJC_ARC = YES;
				CLANG_ENABLE_OBJC_WEAK = YES;
				CLANG_WARN_BLOCK_CAPTURE_AUTORELEASING = YES;
				CLANG_WARN_BOOL_CONVERSION = YES;
				CLANG_WARN_COMMA = YES;
				CLANG_WARN_CONSTANT_CONVERSION = YES;
				CLANG_WARN_DEPRECATED_OBJC_IMPLEMENTATIONS = YES;
				CLANG_WARN_DIRECT_OBJC_ISA_USAGE = YES_ERROR;
				CLANG_WARN_DOCUMENTATION_COMMENTS = YES;
				CLANG_WARN_EMPTY_BODY = YES;
				CLANG_WARN_ENUM_CONVERSION = YES;
				CLANG_WARN_INFINITE_RECURSION = YES;
				CLANG_WARN_INT_CONVERSION = YES;
				CLANG_WARN_NON_LITERAL_NULL_CONVERSION = YES;
				CLANG_WARN_OBJC_IMPLICIT_RETAIN_SELF = YES;
				CLANG_WARN_OBJC_LITERAL_CONVERSION = YES;
				CLANG_WARN_OBJC_ROOT_CLASS = YES_ERROR;
				CLANG_WARN_QUOTED_INCLUDE_IN_FRAMEWORK_HEADER = YES;
				CLANG_WARN_RANGE_LOOP_ANALYSIS = YES;
				CLANG_WARN_STRICT_PROTOTYPES = YES;
				CLANG_WARN_SUSPICIOUS_MOVE = YES;
				CLANG_WARN_UNGUARDED_AVAILABILITY = YES_AGGRESSIVE;
				CLANG_WARN_UNREACHABLE_CODE = YES;
				CLANG_WARN__DUPLICATE_METHOD_MATCH = YES;
				COPY_PHASE_STRIP = NO;
				DEBUG_INFORMATION_FORMAT = dwarf;
				ENABLE_STRICT_OBJC_MSGSEND = YES;
				ENABLE_TESTABILITY = YES;
				ENABLE_USER_SCRIPT_SANDBOXING = YES;
				GCC_C_LANGUAGE_STANDARD = gnu17;
				GCC_DYNAMIC_NO_PIC = NO;
				GCC_NO_COMMON_BLOCKS = YES;
				GCC_OPTIMIZATION_LEVEL = 0;
				GCC_PREPROCESSOR_DEFINITIONS = (
					"DEBUG=1",
					"$(inherited)",
				);
				GCC_WARN_64_TO_32_BIT_CONVERSION = YES;
				GCC_WARN_ABOUT_RETURN_TYPE = YES_ERROR;
				GCC_WARN_UNDECLARED_SELECTOR = YES;
				GCC_WARN_UNINITIALIZED_AUTOS = YES_AGGRESSIVE;
				GCC_WARN_UNUSED_FUNCTION = YES;
				GCC_WARN_UNUSED_VARIABLE = YES;
				IPHONEOS_DEPLOYMENT_TARGET = 17.5;
				LOCALIZATION_PREFERS_STRING_CATALOGS = YES;
				MTL_ENABLE_DEBUG_INFO = INCLUDE_SOURCE;
				MTL_FAST_MATH = YES;
				ONLY_ACTIVE_ARCH = YES;
				SDKROOT = iphoneos;
				SWIFT_ACTIVE_COMPILATION_CONDITIONS = "DEBUG $(inherited)";
				SWIFT_OPTIMIZATION_LEVEL = "-Onone";
			};
			name = Debug;
		};
		AC40507B2C3358B300F4D5F6 /* Release */ = {
			isa = XCBuildConfiguration;
			buildSettings = {
				ALWAYS_SEARCH_USER_PATHS = NO;
				ASSETCATALOG_COMPILER_GENERATE_SWIFT_ASSET_SYMBOL_EXTENSIONS = YES;
				CLANG_ANALYZER_NONNULL = YES;
				CLANG_ANALYZER_NUMBER_OBJECT_CONVERSION = YES_AGGRESSIVE;
				CLANG_CXX_LANGUAGE_STANDARD = "gnu++20";
				CLANG_ENABLE_MODULES = YES;
				CLANG_ENABLE_OBJC_ARC = YES;
				CLANG_ENABLE_OBJC_WEAK = YES;
				CLANG_WARN_BLOCK_CAPTURE_AUTORELEASING = YES;
				CLANG_WARN_BOOL_CONVERSION = YES;
				CLANG_WARN_COMMA = YES;
				CLANG_WARN_CONSTANT_CONVERSION = YES;
				CLANG_WARN_DEPRECATED_OBJC_IMPLEMENTATIONS = YES;
				CLANG_WARN_DIRECT_OBJC_ISA_USAGE = YES_ERROR;
				CLANG_WARN_DOCUMENTATION_COMMENTS = YES;
				CLANG_WARN_EMPTY_BODY = YES;
				CLANG_WARN_ENUM_CONVERSION = YES;
				CLANG_WARN_INFINITE_RECURSION = YES;
				CLANG_WARN_INT_CONVERSION = YES;
				CLANG_WARN_NON_LITERAL_NULL_CONVERSION = YES;
				CLANG_WARN_OBJC_IMPLICIT_RETAIN_SELF = YES;
				CLANG_WARN_OBJC_LITERAL_CONVERSION = YES;
				CLANG_WARN_OBJC_ROOT_CLASS = YES_ERROR;
				CLANG_WARN_QUOTED_INCLUDE_IN_FRAMEWORK_HEADER = YES;
				CLANG_WARN_RANGE_LOOP_ANALYSIS = YES;
				CLANG_WARN_STRICT_PROTOTYPES = YES;
				CLANG_WARN_SUSPICIOUS_MOVE = YES;
				CLANG_WARN_UNGUARDED_AVAILABILITY = YES_AGGRESSIVE;
				CLANG_WARN_UNREACHABLE_CODE = YES;
				CLANG_WARN__DUPLICATE_METHOD_MATCH = YES;
				COPY_PHASE_STRIP = NO;
				DEBUG_INFORMATION_FORMAT = "dwarf-with-dsym";
				ENABLE_NS_ASSERTIONS = NO;
				ENABLE_STRICT_OBJC_MSGSEND = YES;
				ENABLE_USER_SCRIPT_SANDBOXING = YES;
				GCC_C_LANGUAGE_STANDARD = gnu17;
				GCC_NO_COMMON_BLOCKS = YES;
				GCC_WARN_64_TO_32_BIT_CONVERSION = YES;
				GCC_WARN_ABOUT_RETURN_TYPE = YES_ERROR;
				GCC_WARN_UNDECLARED_SELECTOR = YES;
				GCC_WARN_UNINITIALIZED_AUTOS = YES_AGGRESSIVE;
				GCC_WARN_UNUSED_FUNCTION = YES;
				GCC_WARN_UNUSED_VARIABLE = YES;
				IPHONEOS_DEPLOYMENT_TARGET = 17.5;
				LOCALIZATION_PREFERS_STRING_CATALOGS = YES;
				MTL_ENABLE_DEBUG_INFO = NO;
				MTL_FAST_MATH = YES;
				SDKROOT = iphoneos;
				SWIFT_COMPILATION_MODE = wholemodule;
				VALIDATE_PRODUCT = YES;
			};
			name = Release;
		};
		AC40507D2C3358B300F4D5F6 /* Debug */ = {
			isa = XCBuildConfiguration;
			buildSettings = {
				ASSETCATALOG_COMPILER_APPICON_NAME = AppIcon;
				ASSETCATALOG_COMPILER_GLOBAL_ACCENT_COLOR_NAME = AccentColor;
				CODE_SIGN_STYLE = Automatic;
				CURRENT_PROJECT_VERSION = 1;
				DEVELOPMENT_ASSET_PATHS = "\"Capstone-Cookbook/Preview Content\"";
				DEVELOPMENT_TEAM = HR9ZV6NGYD;
				ENABLE_PREVIEWS = YES;
				ENABLE_USER_SCRIPT_SANDBOXING = NO;
				GENERATE_INFOPLIST_FILE = YES;
				INFOPLIST_KEY_UIApplicationSceneManifest_Generation = YES;
				INFOPLIST_KEY_UIApplicationSupportsIndirectInputEvents = YES;
				INFOPLIST_KEY_UILaunchScreen_Generation = YES;
				INFOPLIST_KEY_UISupportedInterfaceOrientations_iPad = "UIInterfaceOrientationPortrait UIInterfaceOrientationPortraitUpsideDown UIInterfaceOrientationLandscapeLeft UIInterfaceOrientationLandscapeRight";
				INFOPLIST_KEY_UISupportedInterfaceOrientations_iPhone = "UIInterfaceOrientationPortrait UIInterfaceOrientationLandscapeLeft UIInterfaceOrientationLandscapeRight";
				LD_RUNPATH_SEARCH_PATHS = (
					"$(inherited)",
					"@executable_path/Frameworks",
				);
				MARKETING_VERSION = 1.0;
				PRODUCT_BUNDLE_IDENTIFIER = "com.samah.Capstone-Cookbook";
				PRODUCT_NAME = "$(TARGET_NAME)";
				SWIFT_EMIT_LOC_STRINGS = YES;
				SWIFT_VERSION = 5.0;
				TARGETED_DEVICE_FAMILY = "1,2";
			};
			name = Debug;
		};
		AC40507E2C3358B300F4D5F6 /* Release */ = {
			isa = XCBuildConfiguration;
			buildSettings = {
				ASSETCATALOG_COMPILER_APPICON_NAME = AppIcon;
				ASSETCATALOG_COMPILER_GLOBAL_ACCENT_COLOR_NAME = AccentColor;
				CODE_SIGN_STYLE = Automatic;
				CURRENT_PROJECT_VERSION = 1;
				DEVELOPMENT_ASSET_PATHS = "\"Capstone-Cookbook/Preview Content\"";
				DEVELOPMENT_TEAM = HR9ZV6NGYD;
				ENABLE_PREVIEWS = YES;
				ENABLE_USER_SCRIPT_SANDBOXING = NO;
				GENERATE_INFOPLIST_FILE = YES;
				INFOPLIST_KEY_UIApplicationSceneManifest_Generation = YES;
				INFOPLIST_KEY_UIApplicationSupportsIndirectInputEvents = YES;
				INFOPLIST_KEY_UILaunchScreen_Generation = YES;
				INFOPLIST_KEY_UISupportedInterfaceOrientations_iPad = "UIInterfaceOrientationPortrait UIInterfaceOrientationPortraitUpsideDown UIInterfaceOrientationLandscapeLeft UIInterfaceOrientationLandscapeRight";
				INFOPLIST_KEY_UISupportedInterfaceOrientations_iPhone = "UIInterfaceOrientationPortrait UIInterfaceOrientationLandscapeLeft UIInterfaceOrientationLandscapeRight";
				LD_RUNPATH_SEARCH_PATHS = (
					"$(inherited)",
					"@executable_path/Frameworks",
				);
				MARKETING_VERSION = 1.0;
				PRODUCT_BUNDLE_IDENTIFIER = "com.samah.Capstone-Cookbook";
				PRODUCT_NAME = "$(TARGET_NAME)";
				SWIFT_EMIT_LOC_STRINGS = YES;
				SWIFT_VERSION = 5.0;
				TARGETED_DEVICE_FAMILY = "1,2";
			};
			name = Release;
		};
		AC4050802C3358B300F4D5F6 /* Debug */ = {
			isa = XCBuildConfiguration;
			buildSettings = {
				ALWAYS_EMBED_SWIFT_STANDARD_LIBRARIES = YES;
				BUNDLE_LOADER = "$(TEST_HOST)";
				CODE_SIGN_STYLE = Automatic;
				CURRENT_PROJECT_VERSION = 1;
				DEVELOPMENT_TEAM = HR9ZV6NGYD;
				GENERATE_INFOPLIST_FILE = YES;
				IPHONEOS_DEPLOYMENT_TARGET = 17.5;
				MARKETING_VERSION = 1.0;
				PRODUCT_BUNDLE_IDENTIFIER = "com.samah.Capstone-CookbookTests";
				PRODUCT_NAME = "$(TARGET_NAME)";
				SWIFT_EMIT_LOC_STRINGS = NO;
				SWIFT_VERSION = 5.0;
				TARGETED_DEVICE_FAMILY = "1,2";
				TEST_HOST = "$(BUILT_PRODUCTS_DIR)/Capstone-Cookbook.app/$(BUNDLE_EXECUTABLE_FOLDER_PATH)/Capstone-Cookbook";
			};
			name = Debug;
		};
		AC4050812C3358B300F4D5F6 /* Release */ = {
			isa = XCBuildConfiguration;
			buildSettings = {
				ALWAYS_EMBED_SWIFT_STANDARD_LIBRARIES = YES;
				BUNDLE_LOADER = "$(TEST_HOST)";
				CODE_SIGN_STYLE = Automatic;
				CURRENT_PROJECT_VERSION = 1;
				DEVELOPMENT_TEAM = HR9ZV6NGYD;
				GENERATE_INFOPLIST_FILE = YES;
				IPHONEOS_DEPLOYMENT_TARGET = 17.5;
				MARKETING_VERSION = 1.0;
				PRODUCT_BUNDLE_IDENTIFIER = "com.samah.Capstone-CookbookTests";
				PRODUCT_NAME = "$(TARGET_NAME)";
				SWIFT_EMIT_LOC_STRINGS = NO;
				SWIFT_VERSION = 5.0;
				TARGETED_DEVICE_FAMILY = "1,2";
				TEST_HOST = "$(BUILT_PRODUCTS_DIR)/Capstone-Cookbook.app/$(BUNDLE_EXECUTABLE_FOLDER_PATH)/Capstone-Cookbook";
			};
			name = Release;
		};
		AC4050832C3358B300F4D5F6 /* Debug */ = {
			isa = XCBuildConfiguration;
			buildSettings = {
				ALWAYS_EMBED_SWIFT_STANDARD_LIBRARIES = YES;
				CODE_SIGN_STYLE = Automatic;
				CURRENT_PROJECT_VERSION = 1;
				DEVELOPMENT_TEAM = HR9ZV6NGYD;
				GENERATE_INFOPLIST_FILE = YES;
				MARKETING_VERSION = 1.0;
				PRODUCT_BUNDLE_IDENTIFIER = "com.samah.Capstone-CookbookUITests";
				PRODUCT_NAME = "$(TARGET_NAME)";
				SWIFT_EMIT_LOC_STRINGS = NO;
				SWIFT_VERSION = 5.0;
				TARGETED_DEVICE_FAMILY = "1,2";
				TEST_TARGET_NAME = "Capstone-Cookbook";
			};
			name = Debug;
		};
		AC4050842C3358B300F4D5F6 /* Release */ = {
			isa = XCBuildConfiguration;
			buildSettings = {
				ALWAYS_EMBED_SWIFT_STANDARD_LIBRARIES = YES;
				CODE_SIGN_STYLE = Automatic;
				CURRENT_PROJECT_VERSION = 1;
				DEVELOPMENT_TEAM = HR9ZV6NGYD;
				GENERATE_INFOPLIST_FILE = YES;
				MARKETING_VERSION = 1.0;
				PRODUCT_BUNDLE_IDENTIFIER = "com.samah.Capstone-CookbookUITests";
				PRODUCT_NAME = "$(TARGET_NAME)";
				SWIFT_EMIT_LOC_STRINGS = NO;
				SWIFT_VERSION = 5.0;
				TARGETED_DEVICE_FAMILY = "1,2";
				TEST_TARGET_NAME = "Capstone-Cookbook";
			};
			name = Release;
		};
/* End XCBuildConfiguration section */

/* Begin XCConfigurationList section */
		AC4050532C3358B200F4D5F6 /* Build configuration list for PBXProject "Capstone-Cookbook" */ = {
			isa = XCConfigurationList;
			buildConfigurations = (
				AC40507A2C3358B300F4D5F6 /* Debug */,
				AC40507B2C3358B300F4D5F6 /* Release */,
			);
			defaultConfigurationIsVisible = 0;
			defaultConfigurationName = Release;
		};
		AC40507C2C3358B300F4D5F6 /* Build configuration list for PBXNativeTarget "Capstone-Cookbook" */ = {
			isa = XCConfigurationList;
			buildConfigurations = (
				AC40507D2C3358B300F4D5F6 /* Debug */,
				AC40507E2C3358B300F4D5F6 /* Release */,
			);
			defaultConfigurationIsVisible = 0;
			defaultConfigurationName = Release;
		};
		AC40507F2C3358B300F4D5F6 /* Build configuration list for PBXNativeTarget "Capstone-CookbookTests" */ = {
			isa = XCConfigurationList;
			buildConfigurations = (
				AC4050802C3358B300F4D5F6 /* Debug */,
				AC4050812C3358B300F4D5F6 /* Release */,
			);
			defaultConfigurationIsVisible = 0;
			defaultConfigurationName = Release;
		};
		AC4050822C3358B300F4D5F6 /* Build configuration list for PBXNativeTarget "Capstone-CookbookUITests" */ = {
			isa = XCConfigurationList;
			buildConfigurations = (
				AC4050832C3358B300F4D5F6 /* Debug */,
				AC4050842C3358B300F4D5F6 /* Release */,
			);
			defaultConfigurationIsVisible = 0;
			defaultConfigurationName = Release;
		};
/* End XCConfigurationList section */
	};
	rootObject = AC4050502C3358B200F4D5F6 /* Project object */;
}
